<?xml version="1.0" encoding="utf-8"?>
<Project ToolsVersion="4.0" xmlns="http://schemas.microsoft.com/developer/msbuild/2003">
  <ItemGroup>
    <Filter Include="Source Files">
      <UniqueIdentifier>{7bd7c6bd-0868-4327-8108-1ac382c0e79e}</UniqueIdentifier>
      <Extensions>cpp;c;cxx;rc;def;r;odl;idl;hpj;bat</Extensions>
    </Filter>
    <Filter Include="Header Files">
      <UniqueIdentifier>{f1b89bb1-edc8-40ed-8f9b-d7c3276848eb}</UniqueIdentifier>
      <Extensions>h;hpp;hxx;hm;inl</Extensions>
    </Filter>
    <Filter Include="Resource Files">
      <UniqueIdentifier>{81534e4f-c1bf-4586-b882-01d4ec64fe96}</UniqueIdentifier>
      <Extensions>ico;cur;bmp;dlg;rc2;rct;bin;rgs;gif;jpg;jpeg;jpe</Extensions>
    </Filter>
    <Filter Include="hash">
      <UniqueIdentifier>{b0f73317-6576-4204-a63f-b048f2126991}</UniqueIdentifier>
    </Filter>
    <Filter Include="UsageStatistics">
      <UniqueIdentifier>{53f71048-afcb-4b46-884f-73779210202a}</UniqueIdentifier>
    </Filter>
  </ItemGroup>
  <ItemGroup>
    <ClCompile Include="BarcodeDlg.cpp">
      <Filter>Source Files</Filter>
    </ClCompile>
    <ClCompile Include="Calibration.cpp">
      <Filter>Source Files</Filter>
    </ClCompile>
    <ClCompile Include="CalibrationPage.cpp">
      <Filter>Source Files</Filter>
    </ClCompile>
    <ClCompile Include="CombCtrlDlg.cpp">
      <Filter>Source Files</Filter>
    </ClCompile>
    <ClCompile Include="CoolListCtrl.cpp">
      <Filter>Source Files</Filter>
    </ClCompile>
    <ClCompile Include="CoolStatic.cpp">
      <Filter>Source Files</Filter>
    </ClCompile>
    <ClCompile Include="CoolStatusBar.cpp">
      <Filter>Source Files</Filter>
    </ClCompile>
    <ClCompile Include="CoolToolBar.cpp">
      <Filter>Source Files</Filter>
    </ClCompile>
    <ClCompile Include="crc16.c">
      <Filter>Source Files</Filter>
    </ClCompile>
    <ClCompile Include="DlgPacketSetting.cpp">
      <Filter>Source Files</Filter>
    </ClCompile>
    <ClCompile Include="DlgPassword.cpp">
      <Filter>Source Files</Filter>
    </ClCompile>
    <ClCompile Include="DLoader.cpp">
      <Filter>Source Files</Filter>
    </ClCompile>
    <ClCompile Include="DLoaderDoc.cpp">
      <Filter>Source Files</Filter>
    </ClCompile>
    <ClCompile Include="DLoaderView.cpp">
      <Filter>Source Files</Filter>
    </ClCompile>
    <ClCompile Include="EditEx.cpp">
      <Filter>Source Files</Filter>
    </ClCompile>
    <ClCompile Include="EdtBtnCtrl.cpp">
      <Filter>Source Files</Filter>
    </ClCompile>
    <ClCompile Include="FileDlg.cpp">
      <Filter>Source Files</Filter>
    </ClCompile>
    <ClCompile Include="FilterEdit.cpp">
      <Filter>Source Files</Filter>
    </ClCompile>
    <ClCompile Include="FlashOptPage.cpp">
      <Filter>Source Files</Filter>
    </ClCompile>
    <ClCompile Include="listeditctrl.cpp">
      <Filter>Source Files</Filter>
    </ClCompile>
    <ClCompile Include="MainFrm.cpp">
      <Filter>Source Files</Filter>
    </ClCompile>
    <ClCompile Include="MainPage.cpp">
      <Filter>Source Files</Filter>
    </ClCompile>
    <ClCompile Include="MasterImgGen.cpp">
      <Filter>Source Files</Filter>
    </ClCompile>
    <ClCompile Include="md5c.c">
      <Filter>Source Files</Filter>
    </ClCompile>
    <ClCompile Include="NumericEdit.cpp">
      <Filter>Source Files</Filter>
    </ClCompile>
    <ClCompile Include="NvBackupOptList.cpp">
      <Filter>Source Files</Filter>
    </ClCompile>
    <ClCompile Include="PageCustomization.cpp">
      <Filter>Source Files</Filter>
    </ClCompile>
    <ClCompile Include="PageLcdConfig.cpp">
      <Filter>Source Files</Filter>
    </ClCompile>
    <ClCompile Include="PageMcp.cpp">
      <Filter>Source Files</Filter>
    </ClCompile>
    <ClCompile Include="PageMultiLang.cpp">
      <Filter>Source Files</Filter>
    </ClCompile>
    <ClCompile Include="PageOptions.cpp">
      <Filter>Source Files</Filter>
    </ClCompile>
    <ClCompile Include="PageUartPortSwitch.cpp">
      <Filter>Source Files</Filter>
    </ClCompile>
    <ClCompile Include="PageVolFreq.cpp">
      <Filter>Source Files</Filter>
    </ClCompile>
    <ClCompile Include="phasecheck\PhaseCheckBuild.cpp">
      <Filter>Source Files</Filter>
    </ClCompile>
    <ClCompile Include="PipeServer.cpp">
      <Filter>Source Files</Filter>
    </ClCompile>
    <ClCompile Include="ProcessMgr.cpp">
      <Filter>Source Files</Filter>
    </ClCompile>
    <ClCompile Include="ProgressCtrlST.cpp">
      <Filter>Source Files</Filter>
    </ClCompile>
    <ClCompile Include="SettingsSheet.cpp">
      <Filter>Source Files</Filter>
    </ClCompile>
    <ClCompile Include="StdAfx.cpp">
      <Filter>Source Files</Filter>
    </ClCompile>
    <ClCompile Include="supergridctrl.cpp">
      <Filter>Source Files</Filter>
    </ClCompile>
    <ClCompile Include="XAboutDlg.cpp">
      <Filter>Source Files</Filter>
    </ClCompile>
    <ClCompile Include="XListCtrl.cpp">
      <Filter>Source Files</Filter>
    </ClCompile>
    <ClCompile Include="XRandom.cpp">
      <Filter>Source Files</Filter>
    </ClCompile>
    <ClCompile Include="XStatic.cpp">
      <Filter>Source Files</Filter>
    </ClCompile>
    <ClCompile Include="hash\sha256.c">
      <Filter>hash</Filter>
    </ClCompile>
    <ClCompile Include="UsageStatistics.cpp">
      <Filter>UsageStatistics</Filter>
    </ClCompile>
  </ItemGroup>
  <ItemGroup>
    <ResourceCompile Include="DLoader.rc">
      <Filter>Source Files</Filter>
    </ResourceCompile>
  </ItemGroup>
  <ItemGroup>
    <ClInclude Include="BarcodeDlg.h">
      <Filter>Header Files</Filter>
    </ClInclude>
    <ClInclude Include="Calibration.h">
      <Filter>Header Files</Filter>
    </ClInclude>
    <ClInclude Include="CalibrationPage.h">
      <Filter>Header Files</Filter>
    </ClInclude>
    <ClInclude Include="CombCtrlDlg.h">
      <Filter>Header Files</Filter>
    </ClInclude>
    <ClInclude Include="CoolStatic.h">
      <Filter>Header Files</Filter>
    </ClInclude>
    <ClInclude Include="CoolStatusBar.h">
      <Filter>Header Files</Filter>
    </ClInclude>
    <ClInclude Include="CoolToolBar.h">
      <Filter>Header Files</Filter>
    </ClInclude>
    <ClInclude Include="crc16.h">
      <Filter>Header Files</Filter>
    </ClInclude>
    <ClInclude Include="DlgPacketSetting.h">
      <Filter>Header Files</Filter>
    </ClInclude>
    <ClInclude Include="DlgPassword.h">
      <Filter>Header Files</Filter>
    </ClInclude>
    <ClInclude Include="DLoader.h">
      <Filter>Header Files</Filter>
    </ClInclude>
    <ClInclude Include="DLoaderDoc.h">
      <Filter>Header Files</Filter>
    </ClInclude>
    <ClInclude Include="DLoaderView.h">
      <Filter>Header Files</Filter>
    </ClInclude>
    <ClInclude Include="EditEx.h">
      <Filter>Header Files</Filter>
    </ClInclude>
    <ClInclude Include="EdtBtnCtrl.h">
      <Filter>Header Files</Filter>
    </ClInclude>
    <ClInclude Include="FileDlg.h">
      <Filter>Header Files</Filter>
    </ClInclude>
    <ClInclude Include="FilterEdit.h">
      <Filter>Header Files</Filter>
    </ClInclude>
    <ClInclude Include="FlashOptPage.h">
      <Filter>Header Files</Filter>
    </ClInclude>
    <ClInclude Include="listeditctrl.h">
      <Filter>Header Files</Filter>
    </ClInclude>
    <ClInclude Include="MainFrm.h">
      <Filter>Header Files</Filter>
    </ClInclude>
    <ClInclude Include="MainPage.h">
      <Filter>Header Files</Filter>
    </ClInclude>
    <ClInclude Include="MasterImgGen.h">
      <Filter>Header Files</Filter>
    </ClInclude>
    <ClInclude Include="md5.h">
      <Filter>Header Files</Filter>
    </ClInclude>
    <ClInclude Include="NumericEdit.h">
      <Filter>Header Files</Filter>
    </ClInclude>
    <ClInclude Include="NvBackupOptList.h">
      <Filter>Header Files</Filter>
    </ClInclude>
    <ClInclude Include="PageCustomization.h">
      <Filter>Header Files</Filter>
    </ClInclude>
    <ClInclude Include="PageLcdConfig.h">
      <Filter>Header Files</Filter>
    </ClInclude>
    <ClInclude Include="PageMcp.h">
      <Filter>Header Files</Filter>
    </ClInclude>
    <ClInclude Include="PageMultiLang.h">
      <Filter>Header Files</Filter>
    </ClInclude>
    <ClInclude Include="PageOptions.h">
      <Filter>Header Files</Filter>
    </ClInclude>
    <ClInclude Include="PageUartPortSwitch.h">
      <Filter>Header Files</Filter>
    </ClInclude>
    <ClInclude Include="PageVolFreq.h">
      <Filter>Header Files</Filter>
    </ClInclude>
    <ClInclude Include="phasecheck\PhaseCheckBuild.h">
      <Filter>Header Files</Filter>
    </ClInclude>
    <ClInclude Include="PipeServer.h">
      <Filter>Header Files</Filter>
    </ClInclude>
    <ClInclude Include="ProcessMgr.h">
      <Filter>Header Files</Filter>
    </ClInclude>
    <ClInclude Include="ProgressCtrlST.h">
      <Filter>Header Files</Filter>
    </ClInclude>
    <ClInclude Include="SettingsSheet.h">
      <Filter>Header Files</Filter>
    </ClInclude>
    <ClInclude Include="StdAfx.h">
      <Filter>Header Files</Filter>
    </ClInclude>
    <ClInclude Include="supergridctrl.h">
      <Filter>Header Files</Filter>
    </ClInclude>
    <ClInclude Include="XAboutDlg.h">
      <Filter>Header Files</Filter>
    </ClInclude>
    <ClInclude Include="XListCtrl.h">
      <Filter>Header Files</Filter>
    </ClInclude>
    <ClInclude Include="XRandom.h">
      <Filter>Header Files</Filter>
    </ClInclude>
    <ClInclude Include="XStatic.h">
      <Filter>Header Files</Filter>
    </ClInclude>
    <ClInclude Include="hash\sha256.h">
      <Filter>hash</Filter>
    </ClInclude>
    <ClInclude Include="UsageStatistics.h">
      <Filter>UsageStatistics</Filter>
    </ClInclude>
  </ItemGroup>
  <ItemGroup>
    <None Include="res\bmp_lang.bmp">
      <Filter>Resource Files</Filter>
    </None>
    <None Include="res\DLoader.ico">
      <Filter>Resource Files</Filter>
    </None>
    <None Include="res\DLoader.rc2">
      <Filter>Resource Files</Filter>
    </None>
    <None Include="res\DLoaderDoc.ico">
      <Filter>Resource Files</Filter>
    </None>
    <None Include="res\folders.bmp">
      <Filter>Resource Files</Filter>
    </None>
    <None Include="res\OK.ico">
      <Filter>Resource Files</Filter>
    </None>
    <None Include="res\Pause.ico">
      <Filter>Resource Files</Filter>
    </None>
    <None Include="res\ProgBlock.bmp">
      <Filter>Resource Files</Filter>
    </None>
    <None Include="res\ProgBlockBrown.bmp">
      <Filter>Resource Files</Filter>
    </None>
    <None Include="res\ProgBlockRed.bmp">
      <Filter>Resource Files</Filter>
    </None>
    <None Include="res\Start.bmp">
      <Filter>Resource Files</Filter>
    </None>
    <None Include="res\tb_bkg.bmp">
      <Filter>Resource Files</Filter>
    </None>
    <None Include="res\tm.bmp">
      <Filter>Resource Files</Filter>
    </None>
    <None Include="res\Toolbar.bmp">
      <Filter>Resource Files</Filter>
    </None>
    <None Include="res\ToolbarBmp.bmp">
      <Filter>Resource Files</Filter>
    </None>
    <None Include="res\ToolbarBmp_green.bmp">
      <Filter>Resource Files</Filter>
    </None>
    <None Include="res\ToolbarBmp_yellow.bmp">
      <Filter>Resource Files</Filter>
    </None>
    <None Include="res\ToolbarDis.bmp">
      <Filter>Resource Files</Filter>
    </None>
    <None Include="res\ToolbarDis_green.bmp">
      <Filter>Resource Files</Filter>
    </None>
    <None Include="res\ToolbarDis_yellow.bmp">
      <Filter>Resource Files</Filter>
    </None>
    <None Include="res\ToolbarHot.bmp">
      <Filter>Resource Files</Filter>
    </None>
    <None Include="res\ToolbarHot_green.bmp">
      <Filter>Resource Files</Filter>
    </None>
    <None Include="res\ToolbarHot_yellow.bmp">
      <Filter>Resource Files</Filter>
    </None>
    <None Include="res\trademark.bmp">
      <Filter>Resource Files</Filter>
    </None>
    <None Include="ReadMe.txt" />
  </ItemGroup>
  <ItemGroup>
    <CustomBuild Include="Resource.h">
      <Filter>Header Files</Filter>
    </CustomBuild>
  </ItemGroup>
</Project>